// !$*UTF8*$!
{
	archiveVersion = 1;
	classes = {
	};
	objectVersion = 56;
	objects = {

/* Begin PBXBuildFile section */
		9F4446492AF12FFC00E3B40D /* Strings.swift in Sources */ = {isa = PBXBuildFile; fileRef = 9F4446482AF12FFC00E3B40D /* Strings.swift */; };
		9F6D62502AEA89EA00CCE306 /* AppDelegate.swift in Sources */ = {isa = PBXBuildFile; fileRef = 9F6D624F2AEA89EA00CCE306 /* AppDelegate.swift */; };
		9F6D62522AEA89EA00CCE306 /* SceneDelegate.swift in Sources */ = {isa = PBXBuildFile; fileRef = 9F6D62512AEA89EA00CCE306 /* SceneDelegate.swift */; };
		9F6D62542AEA89EA00CCE306 /* ViewController.swift in Sources */ = {isa = PBXBuildFile; fileRef = 9F6D62532AEA89EA00CCE306 /* ViewController.swift */; };
		9F6D62572AEA89EA00CCE306 /* Main.storyboard in Resources */ = {isa = PBXBuildFile; fileRef = 9F6D62552AEA89EA00CCE306 /* Main.storyboard */; };
		9F6D62592AEA89EB00CCE306 /* Assets.xcassets in Resources */ = {isa = PBXBuildFile; fileRef = 9F6D62582AEA89EB00CCE306 /* Assets.xcassets */; };
		9F6D625C2AEA89EB00CCE306 /* LaunchScreen.storyboard in Resources */ = {isa = PBXBuildFile; fileRef = 9F6D625A2AEA89EB00CCE306 /* LaunchScreen.storyboard */; };
		9F6D62642AEA9EC500CCE306 /* CountryViewController.swift in Sources */ = {isa = PBXBuildFile; fileRef = 9F6D62632AEA9EC500CCE306 /* CountryViewController.swift */; };
		9F6D62672AEAA96600CCE306 /* countryCustomCell.xib in Resources */ = {isa = PBXBuildFile; fileRef = 9F6D62662AEAA96600CCE306 /* countryCustomCell.xib */; };
		9F6D62692AEAAB8A00CCE306 /* countryCustomCell.swift in Sources */ = {isa = PBXBuildFile; fileRef = 9F6D62682AEAAB8A00CCE306 /* countryCustomCell.swift */; };
		9F7BCEDE2AEF8BA500135C38 /* Localizable.strings in Resources */ = {isa = PBXBuildFile; fileRef = 9F7BCEE02AEF8BA500135C38 /* Localizable.strings */; };
		9F7BCEE42AEFE32300135C38 /* languageCustomCell.xib in Resources */ = {isa = PBXBuildFile; fileRef = 9F7BCEE32AEFE32300135C38 /* languageCustomCell.xib */; };
		9F7BCEE62AEFE3CE00135C38 /* languageCustomCell.swift in Sources */ = {isa = PBXBuildFile; fileRef = 9F7BCEE52AEFE3CE00135C38 /* languageCustomCell.swift */; };
		9F7BCEE82AEFE84E00135C38 /* languageViewController.swift in Sources */ = {isa = PBXBuildFile; fileRef = 9F7BCEE72AEFE84E00135C38 /* languageViewController.swift */; };
		9FB8805E2AF122DE00E38E1A /* Countries.swift in Sources */ = {isa = PBXBuildFile; fileRef = 9FB8805D2AF122DE00E38E1A /* Countries.swift */; };
/* End PBXBuildFile section */

/* Begin PBXFileReference section */
		9F4446482AF12FFC00E3B40D /* Strings.swift */ = {isa = PBXFileReference; lastKnownFileType = sourcecode.swift; path = Strings.swift; sourceTree = "<group>"; };
		9F6D624C2AEA89EA00CCE306 /* AMFirstPage.app */ = {isa = PBXFileReference; explicitFileType = wrapper.application; includeInIndex = 0; path = AMFirstPage.app; sourceTree = BUILT_PRODUCTS_DIR; };
		9F6D624F2AEA89EA00CCE306 /* AppDelegate.swift */ = {isa = PBXFileReference; lastKnownFileType = sourcecode.swift; path = AppDelegate.swift; sourceTree = "<group>"; };
		9F6D62512AEA89EA00CCE306 /* SceneDelegate.swift */ = {isa = PBXFileReference; lastKnownFileType = sourcecode.swift; path = SceneDelegate.swift; sourceTree = "<group>"; };
		9F6D62532AEA89EA00CCE306 /* ViewController.swift */ = {isa = PBXFileReference; lastKnownFileType = sourcecode.swift; path = ViewController.swift; sourceTree = "<group>"; };
		9F6D62562AEA89EA00CCE306 /* Base */ = {isa = PBXFileReference; lastKnownFileType = file.storyboard; name = Base; path = Base.lproj/Main.storyboard; sourceTree = "<group>"; };
		9F6D62582AEA89EB00CCE306 /* Assets.xcassets */ = {isa = PBXFileReference; lastKnownFileType = folder.assetcatalog; path = Assets.xcassets; sourceTree = "<group>"; };
		9F6D625B2AEA89EB00CCE306 /* Base */ = {isa = PBXFileReference; lastKnownFileType = file.storyboard; name = Base; path = Base.lproj/LaunchScreen.storyboard; sourceTree = "<group>"; };
		9F6D625D2AEA89EB00CCE306 /* Info.plist */ = {isa = PBXFileReference; lastKnownFileType = text.plist.xml; path = Info.plist; sourceTree = "<group>"; };
		9F6D62632AEA9EC500CCE306 /* CountryViewController.swift */ = {isa = PBXFileReference; lastKnownFileType = sourcecode.swift; path = CountryViewController.swift; sourceTree = "<group>"; };
		9F6D62662AEAA96600CCE306 /* countryCustomCell.xib */ = {isa = PBXFileReference; lastKnownFileType = file.xib; path = countryCustomCell.xib; sourceTree = "<group>"; };
		9F6D62682AEAAB8A00CCE306 /* countryCustomCell.swift */ = {isa = PBXFileReference; lastKnownFileType = sourcecode.swift; path = countryCustomCell.swift; sourceTree = "<group>"; };
		9F7BCEDF2AEF8BA500135C38 /* en */ = {isa = PBXFileReference; lastKnownFileType = text.plist.strings; name = en; path = en.lproj/Localizable.strings; sourceTree = "<group>"; };
		9F7BCEE12AEF8BB400135C38 /* hi */ = {isa = PBXFileReference; lastKnownFileType = text.plist.strings; name = hi; path = hi.lproj/Localizable.strings; sourceTree = "<group>"; };
		9F7BCEE22AEF909900135C38 /* ar */ = {isa = PBXFileReference; lastKnownFileType = text.plist.strings; name = ar; path = ar.lproj/Localizable.strings; sourceTree = "<group>"; };
		9F7BCEE32AEFE32300135C38 /* languageCustomCell.xib */ = {isa = PBXFileReference; lastKnownFileType = file.xib; path = languageCustomCell.xib; sourceTree = "<group>"; };
		9F7BCEE52AEFE3CE00135C38 /* languageCustomCell.swift */ = {isa = PBXFileReference; lastKnownFileType = sourcecode.swift; path = languageCustomCell.swift; sourceTree = "<group>"; };
		9F7BCEE72AEFE84E00135C38 /* languageViewController.swift */ = {isa = PBXFileReference; lastKnownFileType = sourcecode.swift; path = languageViewController.swift; sourceTree = "<group>"; };
		9FB8805D2AF122DE00E38E1A /* Countries.swift */ = {isa = PBXFileReference; lastKnownFileType = sourcecode.swift; path = Countries.swift; sourceTree = "<group>"; };
/* End PBXFileReference section */

/* Begin PBXFrameworksBuildPhase section */
		9F6D62492AEA89EA00CCE306 /* Frameworks */ = {
			isa = PBXFrameworksBuildPhase;
			buildActionMask = 2147483647;
			files = (
			);
			runOnlyForDeploymentPostprocessing = 0;
		};
/* End PBXFrameworksBuildPhase section */

/* Begin PBXGroup section */
		9F4446452AF126D700E3B40D /* LanguageSelection */ = {
			isa = PBXGroup;
			children = (
				9F7BCEE52AEFE3CE00135C38 /* languageCustomCell.swift */,
				9F7BCEE72AEFE84E00135C38 /* languageViewController.swift */,
				9F7BCEE32AEFE32300135C38 /* languageCustomCell.xib */,
			);
			path = LanguageSelection;
			sourceTree = "<group>";
		};
		9F4446462AF1271F00E3B40D /* CountryData */ = {
			isa = PBXGroup;
			children = (
				9FB8805D2AF122DE00E38E1A /* Countries.swift */,
			);
			path = CountryData;
			sourceTree = "<group>";
		};
		9F4446472AF1276600E3B40D /* Localization */ = {
			isa = PBXGroup;
			children = (
				9F4446482AF12FFC00E3B40D /* Strings.swift */,
				9F7BCEE02AEF8BA500135C38 /* Localizable.strings */,
			);
			path = Localization;
			sourceTree = "<group>";
		};
		9F6D62432AEA89EA00CCE306 = {
			isa = PBXGroup;
			children = (
				9F6D624E2AEA89EA00CCE306 /* AMFirstPage */,
				9F6D624D2AEA89EA00CCE306 /* Products */,
			);
			sourceTree = "<group>";
		};
		9F6D624D2AEA89EA00CCE306 /* Products */ = {
			isa = PBXGroup;
			children = (
				9F6D624C2AEA89EA00CCE306 /* AMFirstPage.app */,
			);
			name = Products;
			sourceTree = "<group>";
		};
		9F6D624E2AEA89EA00CCE306 /* AMFirstPage */ = {
			isa = PBXGroup;
			children = (
				9F4446462AF1271F00E3B40D /* CountryData */,
				9FB8805F2AF1260100E38E1A /* CountrySelection */,
				9F4446452AF126D700E3B40D /* LanguageSelection */,
				9F4446472AF1276600E3B40D /* Localization */,
				9F6D624F2AEA89EA00CCE306 /* AppDelegate.swift */,
				9F6D62512AEA89EA00CCE306 /* SceneDelegate.swift */,
				9F6D62532AEA89EA00CCE306 /* ViewController.swift */,
				9F6D62552AEA89EA00CCE306 /* Main.storyboard */,
				9F6D62582AEA89EB00CCE306 /* Assets.xcassets */,
				9F6D625A2AEA89EB00CCE306 /* LaunchScreen.storyboard */,
				9F6D625D2AEA89EB00CCE306 /* Info.plist */,
			);
			path = AMFirstPage;
			sourceTree = "<group>";
		};
		9FB8805F2AF1260100E38E1A /* CountrySelection */ = {
			isa = PBXGroup;
			children = (
				9F6D62632AEA9EC500CCE306 /* CountryViewController.swift */,
				9F6D62682AEAAB8A00CCE306 /* countryCustomCell.swift */,
				9F6D62662AEAA96600CCE306 /* countryCustomCell.xib */,
			);
			path = CountrySelection;
			sourceTree = "<group>";
		};
/* End PBXGroup section */

/* Begin PBXNativeTarget section */
		9F6D624B2AEA89EA00CCE306 /* AMFirstPage */ = {
			isa = PBXNativeTarget;
			buildConfigurationList = 9F6D62602AEA89EB00CCE306 /* Build configuration list for PBXNativeTarget "AMFirstPage" */;
			buildPhases = (
				9F6D62482AEA89EA00CCE306 /* Sources */,
				9F6D62492AEA89EA00CCE306 /* Frameworks */,
				9F6D624A2AEA89EA00CCE306 /* Resources */,
			);
			buildRules = (
			);
			dependencies = (
			);
			name = AMFirstPage;
			productName = AMFirstPage;
			productReference = 9F6D624C2AEA89EA00CCE306 /* AMFirstPage.app */;
			productType = "com.apple.product-type.application";
		};
/* End PBXNativeTarget section */

/* Begin PBXProject section */
		9F6D62442AEA89EA00CCE306 /* Project object */ = {
			isa = PBXProject;
			attributes = {
				BuildIndependentTargetsInParallel = 1;
				LastSwiftUpdateCheck = 1500;
				LastUpgradeCheck = 1500;
				TargetAttributes = {
					9F6D624B2AEA89EA00CCE306 = {
						CreatedOnToolsVersion = 15.0;
					};
				};
			};
			buildConfigurationList = 9F6D62472AEA89EA00CCE306 /* Build configuration list for PBXProject "AMFirstPage" */;
			compatibilityVersion = "Xcode 14.0";
			developmentRegion = en;
			hasScannedForEncodings = 0;
			knownRegions = (
				en,
				Base,
				hi,
				ar,
			);
			mainGroup = 9F6D62432AEA89EA00CCE306;
			productRefGroup = 9F6D624D2AEA89EA00CCE306 /* Products */;
			projectDirPath = "";
			projectRoot = "";
			targets = (
				9F6D624B2AEA89EA00CCE306 /* AMFirstPage */,
			);
		};
/* End PBXProject section */

/* Begin PBXResourcesBuildPhase section */
		9F6D624A2AEA89EA00CCE306 /* Resources */ = {
			isa = PBXResourcesBuildPhase;
			buildActionMask = 2147483647;
			files = (
				9F7BCEDE2AEF8BA500135C38 /* Localizable.strings in Resources */,
				9F6D625C2AEA89EB00CCE306 /* LaunchScreen.storyboard in Resources */,
				9F7BCEE42AEFE32300135C38 /* languageCustomCell.xib in Resources */,
				9F6D62672AEAA96600CCE306 /* countryCustomCell.xib in Resources */,
				9F6D62592AEA89EB00CCE306 /* Assets.xcassets in Resources */,
				9F6D62572AEA89EA00CCE306 /* Main.storyboard in Resources */,
			);
			runOnlyForDeploymentPostprocessing = 0;
		};
/* End PBXResourcesBuildPhase section */

/* Begin PBXSourcesBuildPhase section */
		9F6D62482AEA89EA00CCE306 /* Sources */ = {
			isa = PBXSourcesBuildPhase;
			buildActionMask = 2147483647;
			files = (
				9F7BCEE62AEFE3CE00135C38 /* languageCustomCell.swift in Sources */,
				9F4446492AF12FFC00E3B40D /* Strings.swift in Sources */,
				9F6D62692AEAAB8A00CCE306 /* countryCustomCell.swift in Sources */,
				9F7BCEE82AEFE84E00135C38 /* languageViewController.swift in Sources */,
				9F6D62542AEA89EA00CCE306 /* ViewController.swift in Sources */,
				9F6D62642AEA9EC500CCE306 /* CountryViewController.swift in Sources */,
				9F6D62502AEA89EA00CCE306 /* AppDelegate.swift in Sources */,
				9FB8805E2AF122DE00E38E1A /* Countries.swift in Sources */,
				9F6D62522AEA89EA00CCE306 /* SceneDelegate.swift in Sources */,
			);
			runOnlyForDeploymentPostprocessing = 0;
		};
/* End PBXSourcesBuildPhase section */

/* Begin PBXVariantGroup section */
		9F6D62552AEA89EA00CCE306 /* Main.storyboard */ = {
			isa = PBXVariantGroup;
			children = (
				9F6D62562AEA89EA00CCE306 /* Base */,
			);
			name = Main.storyboard;
			sourceTree = "<group>";
		};
		9F6D625A2AEA89EB00CCE306 /* LaunchScreen.storyboard */ = {
			isa = PBXVariantGroup;
			children = (
				9F6D625B2AEA89EB00CCE306 /* Base */,
			);
			name = LaunchScreen.storyboard;
			sourceTree = "<group>";
		};
		9F7BCEE02AEF8BA500135C38 /* Localizable.strings */ = {
			isa = PBXVariantGroup;
			children = (
				9F7BCEDF2AEF8BA500135C38 /* en */,
				9F7BCEE12AEF8BB400135C38 /* hi */,
				9F7BCEE22AEF909900135C38 /* ar */,
			);
			name = Localizable.strings;
			sourceTree = "<group>";
		};
/* End PBXVariantGroup section */

/* Begin XCBuildConfiguration section */
		9F6D625E2AEA89EB00CCE306 /* Debug */ = {
			isa = XCBuildConfiguration;
			buildSettings = {
				ALWAYS_SEARCH_USER_PATHS = NO;
				ASSETCATALOG_COMPILER_GENERATE_SWIFT_ASSET_SYMBOL_EXTENSIONS = YES;
				CLANG_ANALYZER_LOCALIZABILITY_NONLOCALIZED = YES;
				CLANG_ANALYZER_NONNULL = YES;
				CLANG_ANALYZER_NUMBER_OBJECT_CONVERSION = YES_AGGRESSIVE;
				CLANG_CXX_LANGUAGE_STANDARD = "gnu++20";
				CLANG_ENABLE_MODULES = YES;
				CLANG_ENABLE_OBJC_ARC = YES;
				CLANG_ENABLE_OBJC_WEAK = YES;
				CLANG_WARN_BLOCK_CAPTURE_AUTORELEASING = YES;
				CLANG_WARN_BOOL_CONVERSION = YES;
				CLANG_WARN_COMMA = YES;
				CLANG_WARN_CONSTANT_CONVERSION = YES;
				CLANG_WARN_DEPRECATED_OBJC_IMPLEMENTATIONS = YES;
				CLANG_WARN_DIRECT_OBJC_ISA_USAGE = YES_ERROR;
				CLANG_WARN_DOCUMENTATION_COMMENTS = YES;
				CLANG_WARN_EMPTY_BODY = YES;
				CLANG_WARN_ENUM_CONVERSION = YES;
				CLANG_WARN_INFINITE_RECURSION = YES;
				CLANG_WARN_INT_CONVERSION = YES;
				CLANG_WARN_NON_LITERAL_NULL_CONVERSION = YES;
				CLANG_WARN_OBJC_IMPLICIT_RETAIN_SELF = YES;
				CLANG_WARN_OBJC_LITERAL_CONVERSION = YES;
				CLANG_WARN_OBJC_ROOT_CLASS = YES_ERROR;
				CLANG_WARN_QUOTED_INCLUDE_IN_FRAMEWORK_HEADER = YES;
				CLANG_WARN_RANGE_LOOP_ANALYSIS = YES;
				CLANG_WARN_STRICT_PROTOTYPES = YES;
				CLANG_WARN_SUSPICIOUS_MOVE = YES;
				CLANG_WARN_UNGUARDED_AVAILABILITY = YES_AGGRESSIVE;
				CLANG_WARN_UNREACHABLE_CODE = YES;
				CLANG_WARN__DUPLICATE_METHOD_MATCH = YES;
				COPY_PHASE_STRIP = NO;
				DEBUG_INFORMATION_FORMAT = dwarf;
				ENABLE_STRICT_OBJC_MSGSEND = YES;
				ENABLE_TESTABILITY = YES;
				ENABLE_USER_SCRIPT_SANDBOXING = YES;
				GCC_C_LANGUAGE_STANDARD = gnu17;
				GCC_DYNAMIC_NO_PIC = NO;
				GCC_NO_COMMON_BLOCKS = YES;
				GCC_OPTIMIZATION_LEVEL = 0;
				GCC_PREPROCESSOR_DEFINITIONS = (
					"DEBUG=1",
					"$(inherited)",
				);
				GCC_WARN_64_TO_32_BIT_CONVERSION = YES;
				GCC_WARN_ABOUT_RETURN_TYPE = YES_ERROR;
				GCC_WARN_UNDECLARED_SELECTOR = YES;
				GCC_WARN_UNINITIALIZED_AUTOS = YES_AGGRESSIVE;
				GCC_WARN_UNUSED_FUNCTION = YES;
				GCC_WARN_UNUSED_VARIABLE = YES;
				IPHONEOS_DEPLOYMENT_TARGET = 17.0;
				LOCALIZATION_PREFERS_STRING_CATALOGS = YES;
				MTL_ENABLE_DEBUG_INFO = INCLUDE_SOURCE;
				MTL_FAST_MATH = YES;
				ONLY_ACTIVE_ARCH = YES;
				SDKROOT = iphoneos;
				SWIFT_ACTIVE_COMPILATION_CONDITIONS = "DEBUG $(inherited)";
				SWIFT_OPTIMIZATION_LEVEL = "-Onone";
			};
			name = Debug;
		};
		9F6D625F2AEA89EB00CCE306 /* Release */ = {
			isa = XCBuildConfiguration;
			buildSettings = {
				ALWAYS_SEARCH_USER_PATHS = NO;
				ASSETCATALOG_COMPILER_GENERATE_SWIFT_ASSET_SYMBOL_EXTENSIONS = YES;
				CLANG_ANALYZER_LOCALIZABILITY_NONLOCALIZED = YES;
				CLANG_ANALYZER_NONNULL = YES;
				CLANG_ANALYZER_NUMBER_OBJECT_CONVERSION = YES_AGGRESSIVE;
				CLANG_CXX_LANGUAGE_STANDARD = "gnu++20";
				CLANG_ENABLE_MODULES = YES;
				CLANG_ENABLE_OBJC_ARC = YES;
				CLANG_ENABLE_OBJC_WEAK = YES;
				CLANG_WARN_BLOCK_CAPTURE_AUTORELEASING = YES;
				CLANG_WARN_BOOL_CONVERSION = YES;
				CLANG_WARN_COMMA = YES;
				CLANG_WARN_CONSTANT_CONVERSION = YES;
				CLANG_WARN_DEPRECATED_OBJC_IMPLEMENTATIONS = YES;
				CLANG_WARN_DIRECT_OBJC_ISA_USAGE = YES_ERROR;
				CLANG_WARN_DOCUMENTATION_COMMENTS = YES;
				CLANG_WARN_EMPTY_BODY = YES;
				CLANG_WARN_ENUM_CONVERSION = YES;
				CLANG_WARN_INFINITE_RECURSION = YES;
				CLANG_WARN_INT_CONVERSION = YES;
				CLANG_WARN_NON_LITERAL_NULL_CONVERSION = YES;
				CLANG_WARN_OBJC_IMPLICIT_RETAIN_SELF = YES;
				CLANG_WARN_OBJC_LITERAL_CONVERSION = YES;
				CLANG_WARN_OBJC_ROOT_CLASS = YES_ERROR;
				CLANG_WARN_QUOTED_INCLUDE_IN_FRAMEWORK_HEADER = YES;
				CLANG_WARN_RANGE_LOOP_ANALYSIS = YES;
				CLANG_WARN_STRICT_PROTOTYPES = YES;
				CLANG_WARN_SUSPICIOUS_MOVE = YES;
				CLANG_WARN_UNGUARDED_AVAILABILITY = YES_AGGRESSIVE;
				CLANG_WARN_UNREACHABLE_CODE = YES;
				CLANG_WARN__DUPLICATE_METHOD_MATCH = YES;
				COPY_PHASE_STRIP = NO;
				DEBUG_INFORMATION_FORMAT = "dwarf-with-dsym";
				ENABLE_NS_ASSERTIONS = NO;
				ENABLE_STRICT_OBJC_MSGSEND = YES;
				ENABLE_USER_SCRIPT_SANDBOXING = YES;
				GCC_C_LANGUAGE_STANDARD = gnu17;
				GCC_NO_COMMON_BLOCKS = YES;
				GCC_WARN_64_TO_32_BIT_CONVERSION = YES;
				GCC_WARN_ABOUT_RETURN_TYPE = YES_ERROR;
				GCC_WARN_UNDECLARED_SELECTOR = YES;
				GCC_WARN_UNINITIALIZED_AUTOS = YES_AGGRESSIVE;
				GCC_WARN_UNUSED_FUNCTION = YES;
				GCC_WARN_UNUSED_VARIABLE = YES;
				IPHONEOS_DEPLOYMENT_TARGET = 17.0;
				LOCALIZATION_PREFERS_STRING_CATALOGS = YES;
				MTL_ENABLE_DEBUG_INFO = NO;
				MTL_FAST_MATH = YES;
				SDKROOT = iphoneos;
				SWIFT_COMPILATION_MODE = wholemodule;
				VALIDATE_PRODUCT = YES;
			};
			name = Release;
		};
		9F6D62612AEA89EB00CCE306 /* Debug */ = {
			isa = XCBuildConfiguration;
			buildSettings = {
				ASSETCATALOG_COMPILER_APPICON_NAME = AppIcon;
				ASSETCATALOG_COMPILER_GLOBAL_ACCENT_COLOR_NAME = AccentColor;
				CODE_SIGN_STYLE = Automatic;
				CURRENT_PROJECT_VERSION = 1;
				GENERATE_INFOPLIST_FILE = YES;
				INFOPLIST_FILE = AMFirstPage/Info.plist;
				INFOPLIST_KEY_UIApplicationSupportsIndirectInputEvents = YES;
				INFOPLIST_KEY_UILaunchStoryboardName = LaunchScreen;
				INFOPLIST_KEY_UIMainStoryboardFile = Main;
				INFOPLIST_KEY_UISupportedInterfaceOrientations_iPad = "UIInterfaceOrientationPortrait UIInterfaceOrientationPortraitUpsideDown UIInterfaceOrientationLandscapeLeft UIInterfaceOrientationLandscapeRight";
				INFOPLIST_KEY_UISupportedInterfaceOrientations_iPhone = "UIInterfaceOrientationPortrait UIInterfaceOrientationLandscapeLeft UIInterfaceOrientationLandscapeRight";
				LD_RUNPATH_SEARCH_PATHS = (
					"$(inherited)",
					"@executable_path/Frameworks",
				);
				MARKETING_VERSION = 1.0;
				PRODUCT_BUNDLE_IDENTIFIER = com.acabestraining.AMFirstPage;
				PRODUCT_NAME = "$(TARGET_NAME)";
				SWIFT_EMIT_LOC_STRINGS = YES;
				SWIFT_VERSION = 5.0;
				TARGETED_DEVICE_FAMILY = "1,2";
			};
			name = Debug;
		};
		9F6D62622AEA89EB00CCE306 /* Release */ = {
			isa = XCBuildConfiguration;
			buildSettings = {
				ASSETCATALOG_COMPILER_APPICON_NAME = AppIcon;
				ASSETCATALOG_COMPILER_GLOBAL_ACCENT_COLOR_NAME = AccentColor;
				CODE_SIGN_STYLE = Automatic;
				CURRENT_PROJECT_VERSION = 1;
				GENERATE_INFOPLIST_FILE = YES;
				INFOPLIST_FILE = AMFirstPage/Info.plist;
				INFOPLIST_KEY_UIApplicationSupportsIndirectInputEvents = YES;
				INFOPLIST_KEY_UILaunchStoryboardName = LaunchScreen;
				INFOPLIST_KEY_UIMainStoryboardFile = Main;
				INFOPLIST_KEY_UISupportedInterfaceOrientations_iPad = "UIInterfaceOrientationPortrait UIInterfaceOrientationPortraitUpsideDown UIInterfaceOrientationLandscapeLeft UIInterfaceOrientationLandscapeRight";
				INFOPLIST_KEY_UISupportedInterfaceOrientations_iPhone = "UIInterfaceOrientationPortrait UIInterfaceOrientationLandscapeLeft UIInterfaceOrientationLandscapeRight";
				LD_RUNPATH_SEARCH_PATHS = (
					"$(inherited)",
					"@executable_path/Frameworks",
				);
				MARKETING_VERSION = 1.0;
				PRODUCT_BUNDLE_IDENTIFIER = com.acabestraining.AMFirstPage;
				PRODUCT_NAME = "$(TARGET_NAME)";
				SWIFT_EMIT_LOC_STRINGS = YES;
				SWIFT_VERSION = 5.0;
				TARGETED_DEVICE_FAMILY = "1,2";
			};
			name = Release;
		};
/* End XCBuildConfiguration section */

/* Begin XCConfigurationList section */
		9F6D62472AEA89EA00CCE306 /* Build configuration list for PBXProject "AMFirstPage" */ = {
			isa = XCConfigurationList;
			buildConfigurations = (
				9F6D625E2AEA89EB00CCE306 /* Debug */,
				9F6D625F2AEA89EB00CCE306 /* Release */,
			);
			defaultConfigurationIsVisible = 0;
			defaultConfigurationName = Release;
		};
		9F6D62602AEA89EB00CCE306 /* Build configuration list for PBXNativeTarget "AMFirstPage" */ = {
			isa = XCConfigurationList;
			buildConfigurations = (
				9F6D62612AEA89EB00CCE306 /* Debug */,
				9F6D62622AEA89EB00CCE306 /* Release */,
			);
			defaultConfigurationIsVisible = 0;
			defaultConfigurationName = Release;
		};
/* End XCConfigurationList section */
	};
	rootObject = 9F6D62442AEA89EA00CCE306 /* Project object */;
}
